
Microsoft Visual Studio Solution File, Format Version 12.00
# Visual Studio Version 17
VisualStudioVersion = 17.0.32112.339
MinimumVisualStudioVersion = 10.0.40219.1
Project("{9A19103F-16F7-4668-BE54-9A1E7A4F7556}") = "gather-standalone", "gather-standalone\gather-standalone.csproj", "{CAF7E3A7-F3B3-4B70-90B0-0E5EA144272D}"
EndProject
Global
	GlobalSection(SolutionConfigurationPlatforms) = preSolution
		Debug|Any CPU = Debug|Any CPU
		Debug|x64 = Debug|x64
		Release|Any CPU = Release|Any CPU
		Release|x64 = Release|x64
	EndGlobalSection
	GlobalSection(ProjectConfigurationPlatforms) = postSolution
		{CAF7E3A7-F3B3-4B70-90B0-0E5EA144272D}.Debug|Any CPU.ActiveCfg = Debug|x64
		{CAF7E3A7-F3B3-4B70-90B0-0E5EA144272D}.Debug|x64.ActiveCfg = Debug|x64
		{CAF7E3A7-F3B3-4B70-90B0-0E5EA144272D}.Debug|x64.Build.0 = Debug|x64
		{CAF7E3A7-F3B3-4B70-90B0-0E5EA144272D}.Release|Any CPU.ActiveCfg = Release|x64
		{CAF7E3A7-F3B3-4B70-90B0-0E5EA144272D}.Release|x64.ActiveCfg = Release|Any CPU
		{CAF7E3A7-F3B3-4B70-90B0-0E5EA144272D}.Release|x64.Build.0 = Release|Any CPU
	EndGlobalSection
	GlobalSection(SolutionProperties) = preSolution
		HideSolutionNode = FALSE
	EndGlobalSection
	GlobalSection(ExtensibilityGlobals) = postSolution
		SolutionGuid = {CC35B1DD-9724-43BA-B6DD-10AA6FB7C0E2}
	EndGlobalSection
EndGlobal
